
Microsoft Visual Studio Solution File, Format Version 12.00
Project("{FAE04EC0-301F-11D3-BF4B-00C04F79EFBC}") = "WebApi", "WebApi\WebApi.csproj", "{45130A81-6862-4A40-9DFD-61E5CF60E766}"
EndProject
Project("{FAE04EC0-301F-11D3-BF4B-00C04F79EFBC}") = "Application", "Application\Application.csproj", "{C0033BF1-32FC-4042-BC77-CF5FB301D287}"
EndProject
Project("{FAE04EC0-301F-11D3-BF4B-00C04F79EFBC}") = "Core", "Core\Core.csproj", "{5746B469-9B22-43E0-A100-EA9AEFD3E732}"
EndProject
Project("{FAE04EC0-301F-11D3-BF4B-00C04F79EFBC}") = "Infrastructure", "Infrastructure\Infrastructure.csproj", "{A0CF5C7E-5B67-49C9-B5BA-A37BFE1509EB}"
EndProject
Global
	GlobalSection(SolutionConfigurationPlatforms) = preSolution
		Debug|Any CPU = Debug|Any CPU
		Release|Any CPU = Release|Any CPU
	EndGlobalSection
	GlobalSection(ProjectConfigurationPlatforms) = postSolution
		{45130A81-6862-4A40-9DFD-61E5CF60E766}.Debug|Any CPU.ActiveCfg = Debug|Any CPU
		{45130A81-6862-4A40-9DFD-61E5CF60E766}.Debug|Any CPU.Build.0 = Debug|Any CPU
		{45130A81-6862-4A40-9DFD-61E5CF60E766}.Release|Any CPU.ActiveCfg = Release|Any CPU
		{45130A81-6862-4A40-9DFD-61E5CF60E766}.Release|Any CPU.Build.0 = Release|Any CPU
		{C0033BF1-32FC-4042-BC77-CF5FB301D287}.Debug|Any CPU.ActiveCfg = Debug|Any CPU
		{C0033BF1-32FC-4042-BC77-CF5FB301D287}.Debug|Any CPU.Build.0 = Debug|Any CPU
		{C0033BF1-32FC-4042-BC77-CF5FB301D287}.Release|Any CPU.ActiveCfg = Release|Any CPU
		{C0033BF1-32FC-4042-BC77-CF5FB301D287}.Release|Any CPU.Build.0 = Release|Any CPU
		{5746B469-9B22-43E0-A100-EA9AEFD3E732}.Debug|Any CPU.ActiveCfg = Debug|Any CPU
		{5746B469-9B22-43E0-A100-EA9AEFD3E732}.Debug|Any CPU.Build.0 = Debug|Any CPU
		{5746B469-9B22-43E0-A100-EA9AEFD3E732}.Release|Any CPU.ActiveCfg = Release|Any CPU
		{5746B469-9B22-43E0-A100-EA9AEFD3E732}.Release|Any CPU.Build.0 = Release|Any CPU
		{A0CF5C7E-5B67-49C9-B5BA-A37BFE1509EB}.Debug|Any CPU.ActiveCfg = Debug|Any CPU
		{A0CF5C7E-5B67-49C9-B5BA-A37BFE1509EB}.Debug|Any CPU.Build.0 = Debug|Any CPU
		{A0CF5C7E-5B67-49C9-B5BA-A37BFE1509EB}.Release|Any CPU.ActiveCfg = Release|Any CPU
		{A0CF5C7E-5B67-49C9-B5BA-A37BFE1509EB}.Release|Any CPU.Build.0 = Release|Any CPU
	EndGlobalSection
EndGlobal
